// !$*UTF8*$!
{
	archiveVersion = 1;
	classes = {
	};
	objectVersion = 56;
	objects = {

/* Begin PBXBuildFile section */
		FA1E2F0029ED5D2F00EB36E0 /* RunKeeper in Frameworks */ = {isa = PBXBuildFile; productRef = FA1E2EFF29ED5D2F00EB36E0 /* RunKeeper */; };
		FA1E2F0329ED5D7200EB36E0 /* Aryabhatta in Frameworks */ = {isa = PBXBuildFile; productRef = FA1E2F0229ED5D7200EB36E0 /* Aryabhatta */; };
		FA2ECFBA29E3C9430090C8AA /* RunMateApp.swift in Sources */ = {isa = PBXBuildFile; fileRef = FA2ECFB929E3C9430090C8AA /* RunMateApp.swift */; };
		FA2ECFBC29E3C9430090C8AA /* ContentView.swift in Sources */ = {isa = PBXBuildFile; fileRef = FA2ECFBB29E3C9430090C8AA /* ContentView.swift */; };
		FA2ECFBE29E3C9460090C8AA /* Assets.xcassets in Resources */ = {isa = PBXBuildFile; fileRef = FA2ECFBD29E3C9460090C8AA /* Assets.xcassets */; };
		FA2ECFC129E3C9460090C8AA /* Preview Assets.xcassets in Resources */ = {isa = PBXBuildFile; fileRef = FA2ECFC029E3C9460090C8AA /* Preview Assets.xcassets */; };
		FA2ECFD129E3C9470090C8AA /* RunMateTests.swift in Sources */ = {isa = PBXBuildFile; fileRef = FA2ECFD029E3C9470090C8AA /* RunMateTests.swift */; };
		FA2ECFDB29E3C9470090C8AA /* RunMateUITests.swift in Sources */ = {isa = PBXBuildFile; fileRef = FA2ECFDA29E3C9470090C8AA /* RunMateUITests.swift */; };
		FA2ECFDD29E3C9470090C8AA /* RunMateUITestsLaunchTests.swift in Sources */ = {isa = PBXBuildFile; fileRef = FA2ECFDC29E3C9470090C8AA /* RunMateUITestsLaunchTests.swift */; };
		FA2ECFEE29E3CCBF0090C8AA /* SweatUI in Frameworks */ = {isa = PBXBuildFile; productRef = FA2ECFED29E3CCBF0090C8AA /* SweatUI */; };
		FA454E0229F63985003C81B3 /* RunSummaryView.swift in Sources */ = {isa = PBXBuildFile; fileRef = FA454E0129F63985003C81B3 /* RunSummaryView.swift */; };
		FA454E0429F94339003C81B3 /* L10n.swift in Sources */ = {isa = PBXBuildFile; fileRef = FA454E0329F94339003C81B3 /* L10n.swift */; };
		FA454E0729F94AAB003C81B3 /* AlertError.swift in Sources */ = {isa = PBXBuildFile; fileRef = FA454E0629F94AAB003C81B3 /* AlertError.swift */; };
		FA976FE729F0C776008008A8 /* RunHostView.swift in Sources */ = {isa = PBXBuildFile; fileRef = FA976FE629F0C776008008A8 /* RunHostView.swift */; };
		FA976FEA29F0E56E008008A8 /* QuoteProvider.swift in Sources */ = {isa = PBXBuildFile; fileRef = FA976FE929F0E56E008008A8 /* QuoteProvider.swift */; };
		FA976FEC29F0E5DD008008A8 /* Quotes.plist in Resources */ = {isa = PBXBuildFile; fileRef = FA976FEB29F0E5DD008008A8 /* Quotes.plist */; };
		FA976FEF29F0EE1B008008A8 /* Shiny in Frameworks */ = {isa = PBXBuildFile; productRef = FA976FEE29F0EE1B008008A8 /* Shiny */; };
		FA976FF129F0F4DC008008A8 /* RunHostViewModel.swift in Sources */ = {isa = PBXBuildFile; fileRef = FA976FF029F0F4DC008008A8 /* RunHostViewModel.swift */; };
		FA976FF329F0F576008008A8 /* RunController in Frameworks */ = {isa = PBXBuildFile; productRef = FA976FF229F0F576008008A8 /* RunController */; };
		FA976FF529F0F762008008A8 /* StartRunView.swift in Sources */ = {isa = PBXBuildFile; fileRef = FA976FF429F0F762008008A8 /* StartRunView.swift */; };
		FA976FF829F0F8BD008008A8 /* RunInProgressView.swift in Sources */ = {isa = PBXBuildFile; fileRef = FA976FF729F0F8BD008008A8 /* RunInProgressView.swift */; };
		FA976FFB29F0FE5A008008A8 /* PermissionsSwiftUILocation in Frameworks */ = {isa = PBXBuildFile; productRef = FA976FFA29F0FE5A008008A8 /* PermissionsSwiftUILocation */; };
		FA976FFD29F0FE5A008008A8 /* PermissionsSwiftUILocationAlways in Frameworks */ = {isa = PBXBuildFile; productRef = FA976FFC29F0FE5A008008A8 /* PermissionsSwiftUILocationAlways */; };
		FA97700229F48DF2008008A8 /* ViewModifiers.swift in Sources */ = {isa = PBXBuildFile; fileRef = FA97700129F48DF2008008A8 /* ViewModifiers.swift */; };
/* End PBXBuildFile section */

/* Begin PBXContainerItemProxy section */
		FA2ECFCD29E3C9470090C8AA /* PBXContainerItemProxy */ = {
			isa = PBXContainerItemProxy;
			containerPortal = FA2ECFAE29E3C9430090C8AA /* Project object */;
			proxyType = 1;
			remoteGlobalIDString = FA2ECFB529E3C9430090C8AA;
			remoteInfo = RunMate;
		};
		FA2ECFD729E3C9470090C8AA /* PBXContainerItemProxy */ = {
			isa = PBXContainerItemProxy;
			containerPortal = FA2ECFAE29E3C9430090C8AA /* Project object */;
			proxyType = 1;
			remoteGlobalIDString = FA2ECFB529E3C9430090C8AA;
			remoteInfo = RunMate;
		};
/* End PBXContainerItemProxy section */

/* Begin PBXFileReference section */
		FA1E2F0129ED5D6300EB36E0 /* Aryabhatta */ = {isa = PBXFileReference; lastKnownFileType = wrapper; path = Aryabhatta; sourceTree = "<group>"; };
		FA2ECFB629E3C9430090C8AA /* RunMate.app */ = {isa = PBXFileReference; explicitFileType = wrapper.application; includeInIndex = 0; path = RunMate.app; sourceTree = BUILT_PRODUCTS_DIR; };
		FA2ECFB929E3C9430090C8AA /* RunMateApp.swift */ = {isa = PBXFileReference; lastKnownFileType = sourcecode.swift; path = RunMateApp.swift; sourceTree = "<group>"; };
		FA2ECFBB29E3C9430090C8AA /* ContentView.swift */ = {isa = PBXFileReference; lastKnownFileType = sourcecode.swift; path = ContentView.swift; sourceTree = "<group>"; };
		FA2ECFBD29E3C9460090C8AA /* Assets.xcassets */ = {isa = PBXFileReference; lastKnownFileType = folder.assetcatalog; path = Assets.xcassets; sourceTree = "<group>"; };
		FA2ECFC029E3C9460090C8AA /* Preview Assets.xcassets */ = {isa = PBXFileReference; lastKnownFileType = folder.assetcatalog; path = "Preview Assets.xcassets"; sourceTree = "<group>"; };
		FA2ECFCC29E3C9470090C8AA /* RunMateTests.xctest */ = {isa = PBXFileReference; explicitFileType = wrapper.cfbundle; includeInIndex = 0; path = RunMateTests.xctest; sourceTree = BUILT_PRODUCTS_DIR; };
		FA2ECFD029E3C9470090C8AA /* RunMateTests.swift */ = {isa = PBXFileReference; lastKnownFileType = sourcecode.swift; path = RunMateTests.swift; sourceTree = "<group>"; };
		FA2ECFD629E3C9470090C8AA /* RunMateUITests.xctest */ = {isa = PBXFileReference; explicitFileType = wrapper.cfbundle; includeInIndex = 0; path = RunMateUITests.xctest; sourceTree = BUILT_PRODUCTS_DIR; };
		FA2ECFDA29E3C9470090C8AA /* RunMateUITests.swift */ = {isa = PBXFileReference; lastKnownFileType = sourcecode.swift; path = RunMateUITests.swift; sourceTree = "<group>"; };
		FA2ECFDC29E3C9470090C8AA /* RunMateUITestsLaunchTests.swift */ = {isa = PBXFileReference; lastKnownFileType = sourcecode.swift; path = RunMateUITestsLaunchTests.swift; sourceTree = "<group>"; };
		FA2ECFEB29E3CCA40090C8AA /* SweatUI */ = {isa = PBXFileReference; lastKnownFileType = wrapper; path = SweatUI; sourceTree = "<group>"; };
		FA2ECFFA29E7C2AB0090C8AA /* DataCenter */ = {isa = PBXFileReference; lastKnownFileType = wrapper; path = DataCenter; sourceTree = "<group>"; };
		FA454E0129F63985003C81B3 /* RunSummaryView.swift */ = {isa = PBXFileReference; lastKnownFileType = sourcecode.swift; path = RunSummaryView.swift; sourceTree = "<group>"; };
		FA454E0329F94339003C81B3 /* L10n.swift */ = {isa = PBXFileReference; lastKnownFileType = sourcecode.swift; path = L10n.swift; sourceTree = "<group>"; };
		FA454E0629F94AAB003C81B3 /* AlertError.swift */ = {isa = PBXFileReference; lastKnownFileType = sourcecode.swift; path = AlertError.swift; sourceTree = "<group>"; };
		FA976FE529F0B9F1008008A8 /* RunController */ = {isa = PBXFileReference; lastKnownFileType = wrapper; path = RunController; sourceTree = "<group>"; };
		FA976FE629F0C776008008A8 /* RunHostView.swift */ = {isa = PBXFileReference; lastKnownFileType = sourcecode.swift; path = RunHostView.swift; sourceTree = "<group>"; };
		FA976FE929F0E56E008008A8 /* QuoteProvider.swift */ = {isa = PBXFileReference; lastKnownFileType = sourcecode.swift; path = QuoteProvider.swift; sourceTree = "<group>"; };
		FA976FEB29F0E5DD008008A8 /* Quotes.plist */ = {isa = PBXFileReference; lastKnownFileType = text.plist.xml; path = Quotes.plist; sourceTree = "<group>"; };
		FA976FF029F0F4DC008008A8 /* RunHostViewModel.swift */ = {isa = PBXFileReference; lastKnownFileType = sourcecode.swift; path = RunHostViewModel.swift; sourceTree = "<group>"; };
		FA976FF429F0F762008008A8 /* StartRunView.swift */ = {isa = PBXFileReference; lastKnownFileType = sourcecode.swift; path = StartRunView.swift; sourceTree = "<group>"; };
		FA976FF729F0F8BD008008A8 /* RunInProgressView.swift */ = {isa = PBXFileReference; lastKnownFileType = sourcecode.swift; path = RunInProgressView.swift; sourceTree = "<group>"; };
		FA976FFE29F10425008008A8 /* PermissionsSwiftUI */ = {isa = PBXFileReference; lastKnownFileType = wrapper; name = PermissionsSwiftUI; path = ../PermissionsSwiftUI; sourceTree = "<group>"; };
		FA976FFF29F107D1008008A8 /* Info.plist */ = {isa = PBXFileReference; lastKnownFileType = text.plist.xml; name = Info.plist; path = ../Info.plist; sourceTree = "<group>"; };
		FA97700129F48DF2008008A8 /* ViewModifiers.swift */ = {isa = PBXFileReference; lastKnownFileType = sourcecode.swift; path = ViewModifiers.swift; sourceTree = "<group>"; };
		FAB3B12729ED5CE70019CD74 /* RunKeeper */ = {isa = PBXFileReference; lastKnownFileType = wrapper; path = RunKeeper; sourceTree = "<group>"; };
/* End PBXFileReference section */

/* Begin PBXFrameworksBuildPhase section */
		FA2ECFB329E3C9430090C8AA /* Frameworks */ = {
			isa = PBXFrameworksBuildPhase;
			buildActionMask = 2147483647;
			files = (
				FA976FEF29F0EE1B008008A8 /* Shiny in Frameworks */,
				FA1E2F0329ED5D7200EB36E0 /* Aryabhatta in Frameworks */,
				FA976FFB29F0FE5A008008A8 /* PermissionsSwiftUILocation in Frameworks */,
				FA976FF329F0F576008008A8 /* RunController in Frameworks */,
				FA2ECFEE29E3CCBF0090C8AA /* SweatUI in Frameworks */,
				FA976FFD29F0FE5A008008A8 /* PermissionsSwiftUILocationAlways in Frameworks */,
				FA1E2F0029ED5D2F00EB36E0 /* RunKeeper in Frameworks */,
			);
			runOnlyForDeploymentPostprocessing = 0;
		};
		FA2ECFC929E3C9470090C8AA /* Frameworks */ = {
			isa = PBXFrameworksBuildPhase;
			buildActionMask = 2147483647;
			files = (
			);
			runOnlyForDeploymentPostprocessing = 0;
		};
		FA2ECFD329E3C9470090C8AA /* Frameworks */ = {
			isa = PBXFrameworksBuildPhase;
			buildActionMask = 2147483647;
			files = (
			);
			runOnlyForDeploymentPostprocessing = 0;
		};
/* End PBXFrameworksBuildPhase section */

/* Begin PBXGroup section */
		FA2ECFAD29E3C9430090C8AA = {
			isa = PBXGroup;
			children = (
				FA976FFE29F10425008008A8 /* PermissionsSwiftUI */,
				FA2ECFB829E3C9430090C8AA /* RunMate */,
				FA2ECFE929E3CBA70090C8AA /* Packages */,
				FA2ECFCF29E3C9470090C8AA /* RunMateTests */,
				FA2ECFD929E3C9470090C8AA /* RunMateUITests */,
				FA2ECFB729E3C9430090C8AA /* Products */,
				FA2ECFEC29E3CCBF0090C8AA /* Frameworks */,
			);
			sourceTree = "<group>";
		};
		FA2ECFB729E3C9430090C8AA /* Products */ = {
			isa = PBXGroup;
			children = (
				FA2ECFB629E3C9430090C8AA /* RunMate.app */,
				FA2ECFCC29E3C9470090C8AA /* RunMateTests.xctest */,
				FA2ECFD629E3C9470090C8AA /* RunMateUITests.xctest */,
			);
			name = Products;
			sourceTree = "<group>";
		};
		FA2ECFB829E3C9430090C8AA /* RunMate */ = {
			isa = PBXGroup;
			children = (
				FA2ECFF529E43D310090C8AA /* App */,
				FA2ECFF629E43D400090C8AA /* Features */,
				FA97700029F48DC6008008A8 /* Utils and Extensions */,
				FA2ECFF829E43D770090C8AA /* Resources */,
				FA2ECFBF29E3C9460090C8AA /* Preview Content */,
			);
			path = RunMate;
			sourceTree = "<group>";
		};
		FA2ECFBF29E3C9460090C8AA /* Preview Content */ = {
			isa = PBXGroup;
			children = (
				FA2ECFC029E3C9460090C8AA /* Preview Assets.xcassets */,
			);
			path = "Preview Content";
			sourceTree = "<group>";
		};
		FA2ECFCF29E3C9470090C8AA /* RunMateTests */ = {
			isa = PBXGroup;
			children = (
				FA2ECFD029E3C9470090C8AA /* RunMateTests.swift */,
			);
			path = RunMateTests;
			sourceTree = "<group>";
		};
		FA2ECFD929E3C9470090C8AA /* RunMateUITests */ = {
			isa = PBXGroup;
			children = (
				FA2ECFDA29E3C9470090C8AA /* RunMateUITests.swift */,
				FA2ECFDC29E3C9470090C8AA /* RunMateUITestsLaunchTests.swift */,
			);
			path = RunMateUITests;
			sourceTree = "<group>";
		};
		FA2ECFE929E3CBA70090C8AA /* Packages */ = {
			isa = PBXGroup;
			children = (
				FA1E2F0129ED5D6300EB36E0 /* Aryabhatta */,
				FAB3B12729ED5CE70019CD74 /* RunKeeper */,
				FA2ECFEB29E3CCA40090C8AA /* SweatUI */,
				FA2ECFFA29E7C2AB0090C8AA /* DataCenter */,
				FA976FE529F0B9F1008008A8 /* RunController */,
			);
			name = Packages;
			sourceTree = "<group>";
		};
		FA2ECFEC29E3CCBF0090C8AA /* Frameworks */ = {
			isa = PBXGroup;
			children = (
			);
			name = Frameworks;
			sourceTree = "<group>";
		};
		FA2ECFF529E43D310090C8AA /* App */ = {
			isa = PBXGroup;
			children = (
				FA2ECFB929E3C9430090C8AA /* RunMateApp.swift */,
			);
			path = App;
			sourceTree = "<group>";
		};
		FA2ECFF629E43D400090C8AA /* Features */ = {
			isa = PBXGroup;
			children = (
				FA454E0529F94A95003C81B3 /* Common */,
				FA976FE829F0E53A008008A8 /* Run */,
				FA2ECFBB29E3C9430090C8AA /* ContentView.swift */,
				FA454E0329F94339003C81B3 /* L10n.swift */,
			);
			path = Features;
			sourceTree = "<group>";
		};
		FA2ECFF829E43D770090C8AA /* Resources */ = {
			isa = PBXGroup;
			children = (
				FA976FFF29F107D1008008A8 /* Info.plist */,
				FA2ECFBD29E3C9460090C8AA /* Assets.xcassets */,
				FA976FEB29F0E5DD008008A8 /* Quotes.plist */,
			);
			path = Resources;
			sourceTree = "<group>";
		};
		FA454E0529F94A95003C81B3 /* Common */ = {
			isa = PBXGroup;
			children = (
				FA454E0629F94AAB003C81B3 /* AlertError.swift */,
			);
			path = Common;
			sourceTree = "<group>";
		};
		FA976FE829F0E53A008008A8 /* Run */ = {
			isa = PBXGroup;
			children = (
				FA976FF629F0F8A0008008A8 /* Views */,
				FA976FE929F0E56E008008A8 /* QuoteProvider.swift */,
			);
			path = Run;
			sourceTree = "<group>";
		};
		FA976FF629F0F8A0008008A8 /* Views */ = {
			isa = PBXGroup;
			children = (
				FA976FE629F0C776008008A8 /* RunHostView.swift */,
				FA976FF029F0F4DC008008A8 /* RunHostViewModel.swift */,
				FA976FF429F0F762008008A8 /* StartRunView.swift */,
				FA976FF729F0F8BD008008A8 /* RunInProgressView.swift */,
				FA454E0129F63985003C81B3 /* RunSummaryView.swift */,
			);
			path = Views;
			sourceTree = "<group>";
		};
		FA97700029F48DC6008008A8 /* Utils and Extensions */ = {
			isa = PBXGroup;
			children = (
				FA97700129F48DF2008008A8 /* ViewModifiers.swift */,
			);
			path = "Utils and Extensions";
			sourceTree = "<group>";
		};
/* End PBXGroup section */

/* Begin PBXNativeTarget section */
		FA2ECFB529E3C9430090C8AA /* RunMate */ = {
			isa = PBXNativeTarget;
			buildConfigurationList = FA2ECFE029E3C9470090C8AA /* Build configuration list for PBXNativeTarget "RunMate" */;
			buildPhases = (
				FA2ECFB229E3C9430090C8AA /* Sources */,
				FA2ECFB329E3C9430090C8AA /* Frameworks */,
				FA2ECFB429E3C9430090C8AA /* Resources */,
			);
			buildRules = (
			);
			dependencies = (
			);
			name = RunMate;
			packageProductDependencies = (
				FA2ECFED29E3CCBF0090C8AA /* SweatUI */,
				FA1E2EFF29ED5D2F00EB36E0 /* RunKeeper */,
				FA1E2F0229ED5D7200EB36E0 /* Aryabhatta */,
				FA976FEE29F0EE1B008008A8 /* Shiny */,
				FA976FF229F0F576008008A8 /* RunController */,
				FA976FFA29F0FE5A008008A8 /* PermissionsSwiftUILocation */,
				FA976FFC29F0FE5A008008A8 /* PermissionsSwiftUILocationAlways */,
			);
			productName = RunMate;
			productReference = FA2ECFB629E3C9430090C8AA /* RunMate.app */;
			productType = "com.apple.product-type.application";
		};
		FA2ECFCB29E3C9470090C8AA /* RunMateTests */ = {
			isa = PBXNativeTarget;
			buildConfigurationList = FA2ECFE329E3C9470090C8AA /* Build configuration list for PBXNativeTarget "RunMateTests" */;
			buildPhases = (
				FA2ECFC829E3C9470090C8AA /* Sources */,
				FA2ECFC929E3C9470090C8AA /* Frameworks */,
				FA2ECFCA29E3C9470090C8AA /* Resources */,
			);
			buildRules = (
			);
			dependencies = (
				FA2ECFCE29E3C9470090C8AA /* PBXTargetDependency */,
			);
			name = RunMateTests;
			productName = RunMateTests;
			productReference = FA2ECFCC29E3C9470090C8AA /* RunMateTests.xctest */;
			productType = "com.apple.product-type.bundle.unit-test";
		};
		FA2ECFD529E3C9470090C8AA /* RunMateUITests */ = {
			isa = PBXNativeTarget;
			buildConfigurationList = FA2ECFE629E3C9470090C8AA /* Build configuration list for PBXNativeTarget "RunMateUITests" */;
			buildPhases = (
				FA2ECFD229E3C9470090C8AA /* Sources */,
				FA2ECFD329E3C9470090C8AA /* Frameworks */,
				FA2ECFD429E3C9470090C8AA /* Resources */,
			);
			buildRules = (
			);
			dependencies = (
				FA2ECFD829E3C9470090C8AA /* PBXTargetDependency */,
			);
			name = RunMateUITests;
			productName = RunMateUITests;
			productReference = FA2ECFD629E3C9470090C8AA /* RunMateUITests.xctest */;
			productType = "com.apple.product-type.bundle.ui-testing";
		};
/* End PBXNativeTarget section */

/* Begin PBXProject section */
		FA2ECFAE29E3C9430090C8AA /* Project object */ = {
			isa = PBXProject;
			attributes = {
				BuildIndependentTargetsInParallel = 1;
				LastSwiftUpdateCheck = 1400;
				LastUpgradeCheck = 1400;
				TargetAttributes = {
					FA2ECFB529E3C9430090C8AA = {
						CreatedOnToolsVersion = 14.0.1;
					};
					FA2ECFCB29E3C9470090C8AA = {
						CreatedOnToolsVersion = 14.0.1;
						TestTargetID = FA2ECFB529E3C9430090C8AA;
					};
					FA2ECFD529E3C9470090C8AA = {
						CreatedOnToolsVersion = 14.0.1;
						TestTargetID = FA2ECFB529E3C9430090C8AA;
					};
				};
			};
			buildConfigurationList = FA2ECFB129E3C9430090C8AA /* Build configuration list for PBXProject "RunMate" */;
			compatibilityVersion = "Xcode 14.0";
			developmentRegion = en;
			hasScannedForEncodings = 0;
			knownRegions = (
				en,
				Base,
			);
			mainGroup = FA2ECFAD29E3C9430090C8AA;
			packageReferences = (
				FA976FED29F0EE1B008008A8 /* XCRemoteSwiftPackageReference "shiny" */,
				FA976FF929F0FE5A008008A8 /* XCRemoteSwiftPackageReference "PermissionsSwiftUI" */,
			);
			productRefGroup = FA2ECFB729E3C9430090C8AA /* Products */;
			projectDirPath = "";
			projectRoot = "";
			targets = (
				FA2ECFB529E3C9430090C8AA /* RunMate */,
				FA2ECFCB29E3C9470090C8AA /* RunMateTests */,
				FA2ECFD529E3C9470090C8AA /* RunMateUITests */,
			);
		};
/* End PBXProject section */

/* Begin PBXResourcesBuildPhase section */
		FA2ECFB429E3C9430090C8AA /* Resources */ = {
			isa = PBXResourcesBuildPhase;
			buildActionMask = 2147483647;
			files = (
				FA2ECFC129E3C9460090C8AA /* Preview Assets.xcassets in Resources */,
				FA976FEC29F0E5DD008008A8 /* Quotes.plist in Resources */,
				FA2ECFBE29E3C9460090C8AA /* Assets.xcassets in Resources */,
			);
			runOnlyForDeploymentPostprocessing = 0;
		};
		FA2ECFCA29E3C9470090C8AA /* Resources */ = {
			isa = PBXResourcesBuildPhase;
			buildActionMask = 2147483647;
			files = (
			);
			runOnlyForDeploymentPostprocessing = 0;
		};
		FA2ECFD429E3C9470090C8AA /* Resources */ = {
			isa = PBXResourcesBuildPhase;
			buildActionMask = 2147483647;
			files = (
			);
			runOnlyForDeploymentPostprocessing = 0;
		};
/* End PBXResourcesBuildPhase section */

/* Begin PBXSourcesBuildPhase section */
		FA2ECFB229E3C9430090C8AA /* Sources */ = {
			isa = PBXSourcesBuildPhase;
			buildActionMask = 2147483647;
			files = (
				FA454E0229F63985003C81B3 /* RunSummaryView.swift in Sources */,
				FA976FF129F0F4DC008008A8 /* RunHostViewModel.swift in Sources */,
				FA976FF529F0F762008008A8 /* StartRunView.swift in Sources */,
				FA2ECFBC29E3C9430090C8AA /* ContentView.swift in Sources */,
				FA454E0429F94339003C81B3 /* L10n.swift in Sources */,
				FA97700229F48DF2008008A8 /* ViewModifiers.swift in Sources */,
				FA976FE729F0C776008008A8 /* RunHostView.swift in Sources */,
				FA454E0729F94AAB003C81B3 /* AlertError.swift in Sources */,
				FA2ECFBA29E3C9430090C8AA /* RunMateApp.swift in Sources */,
				FA976FEA29F0E56E008008A8 /* QuoteProvider.swift in Sources */,
				FA976FF829F0F8BD008008A8 /* RunInProgressView.swift in Sources */,
			);
			runOnlyForDeploymentPostprocessing = 0;
		};
		FA2ECFC829E3C9470090C8AA /* Sources */ = {
			isa = PBXSourcesBuildPhase;
			buildActionMask = 2147483647;
			files = (
				FA2ECFD129E3C9470090C8AA /* RunMateTests.swift in Sources */,
			);
			runOnlyForDeploymentPostprocessing = 0;
		};
		FA2ECFD229E3C9470090C8AA /* Sources */ = {
			isa = PBXSourcesBuildPhase;
			buildActionMask = 2147483647;
			files = (
				FA2ECFDB29E3C9470090C8AA /* RunMateUITests.swift in Sources */,
				FA2ECFDD29E3C9470090C8AA /* RunMateUITestsLaunchTests.swift in Sources */,
			);
			runOnlyForDeploymentPostprocessing = 0;
		};
/* End PBXSourcesBuildPhase section */

/* Begin PBXTargetDependency section */
		FA2ECFCE29E3C9470090C8AA /* PBXTargetDependency */ = {
			isa = PBXTargetDependency;
			target = FA2ECFB529E3C9430090C8AA /* RunMate */;
			targetProxy = FA2ECFCD29E3C9470090C8AA /* PBXContainerItemProxy */;
		};
		FA2ECFD829E3C9470090C8AA /* PBXTargetDependency */ = {
			isa = PBXTargetDependency;
			target = FA2ECFB529E3C9430090C8AA /* RunMate */;
			targetProxy = FA2ECFD729E3C9470090C8AA /* PBXContainerItemProxy */;
		};
/* End PBXTargetDependency section */

/* Begin XCBuildConfiguration section */
		FA2ECFDE29E3C9470090C8AA /* Debug */ = {
			isa = XCBuildConfiguration;
			buildSettings = {
				ALWAYS_SEARCH_USER_PATHS = NO;
				CLANG_ANALYZER_NONNULL = YES;
				CLANG_ANALYZER_NUMBER_OBJECT_CONVERSION = YES_AGGRESSIVE;
				CLANG_CXX_LANGUAGE_STANDARD = "gnu++20";
				CLANG_ENABLE_MODULES = YES;
				CLANG_ENABLE_OBJC_ARC = YES;
				CLANG_ENABLE_OBJC_WEAK = YES;
				CLANG_WARN_BLOCK_CAPTURE_AUTORELEASING = YES;
				CLANG_WARN_BOOL_CONVERSION = YES;
				CLANG_WARN_COMMA = YES;
				CLANG_WARN_CONSTANT_CONVERSION = YES;
				CLANG_WARN_DEPRECATED_OBJC_IMPLEMENTATIONS = YES;
				CLANG_WARN_DIRECT_OBJC_ISA_USAGE = YES_ERROR;
				CLANG_WARN_DOCUMENTATION_COMMENTS = YES;
				CLANG_WARN_EMPTY_BODY = YES;
				CLANG_WARN_ENUM_CONVERSION = YES;
				CLANG_WARN_INFINITE_RECURSION = YES;
				CLANG_WARN_INT_CONVERSION = YES;
				CLANG_WARN_NON_LITERAL_NULL_CONVERSION = YES;
				CLANG_WARN_OBJC_IMPLICIT_RETAIN_SELF = YES;
				CLANG_WARN_OBJC_LITERAL_CONVERSION = YES;
				CLANG_WARN_OBJC_ROOT_CLASS = YES_ERROR;
				CLANG_WARN_QUOTED_INCLUDE_IN_FRAMEWORK_HEADER = YES;
				CLANG_WARN_RANGE_LOOP_ANALYSIS = YES;
				CLANG_WARN_STRICT_PROTOTYPES = YES;
				CLANG_WARN_SUSPICIOUS_MOVE = YES;
				CLANG_WARN_UNGUARDED_AVAILABILITY = YES_AGGRESSIVE;
				CLANG_WARN_UNREACHABLE_CODE = YES;
				CLANG_WARN__DUPLICATE_METHOD_MATCH = YES;
				COPY_PHASE_STRIP = NO;
				DEBUG_INFORMATION_FORMAT = dwarf;
				ENABLE_STRICT_OBJC_MSGSEND = YES;
				ENABLE_TESTABILITY = YES;
				GCC_C_LANGUAGE_STANDARD = gnu11;
				GCC_DYNAMIC_NO_PIC = NO;
				GCC_NO_COMMON_BLOCKS = YES;
				GCC_OPTIMIZATION_LEVEL = 0;
				GCC_PREPROCESSOR_DEFINITIONS = (
					"DEBUG=1",
					"$(inherited)",
				);
				GCC_WARN_64_TO_32_BIT_CONVERSION = YES;
				GCC_WARN_ABOUT_RETURN_TYPE = YES_ERROR;
				GCC_WARN_UNDECLARED_SELECTOR = YES;
				GCC_WARN_UNINITIALIZED_AUTOS = YES_AGGRESSIVE;
				GCC_WARN_UNUSED_FUNCTION = YES;
				GCC_WARN_UNUSED_VARIABLE = YES;
				IPHONEOS_DEPLOYMENT_TARGET = 16.0;
				MTL_ENABLE_DEBUG_INFO = INCLUDE_SOURCE;
				MTL_FAST_MATH = YES;
				ONLY_ACTIVE_ARCH = YES;
				SDKROOT = iphoneos;
				SWIFT_ACTIVE_COMPILATION_CONDITIONS = DEBUG;
				SWIFT_OPTIMIZATION_LEVEL = "-Onone";
			};
			name = Debug;
		};
		FA2ECFDF29E3C9470090C8AA /* Release */ = {
			isa = XCBuildConfiguration;
			buildSettings = {
				ALWAYS_SEARCH_USER_PATHS = NO;
				CLANG_ANALYZER_NONNULL = YES;
				CLANG_ANALYZER_NUMBER_OBJECT_CONVERSION = YES_AGGRESSIVE;
				CLANG_CXX_LANGUAGE_STANDARD = "gnu++20";
				CLANG_ENABLE_MODULES = YES;
				CLANG_ENABLE_OBJC_ARC = YES;
				CLANG_ENABLE_OBJC_WEAK = YES;
				CLANG_WARN_BLOCK_CAPTURE_AUTORELEASING = YES;
				CLANG_WARN_BOOL_CONVERSION = YES;
				CLANG_WARN_COMMA = YES;
				CLANG_WARN_CONSTANT_CONVERSION = YES;
				CLANG_WARN_DEPRECATED_OBJC_IMPLEMENTATIONS = YES;
				CLANG_WARN_DIRECT_OBJC_ISA_USAGE = YES_ERROR;
				CLANG_WARN_DOCUMENTATION_COMMENTS = YES;
				CLANG_WARN_EMPTY_BODY = YES;
				CLANG_WARN_ENUM_CONVERSION = YES;
				CLANG_WARN_INFINITE_RECURSION = YES;
				CLANG_WARN_INT_CONVERSION = YES;
				CLANG_WARN_NON_LITERAL_NULL_CONVERSION = YES;
				CLANG_WARN_OBJC_IMPLICIT_RETAIN_SELF = YES;
				CLANG_WARN_OBJC_LITERAL_CONVERSION = YES;
				CLANG_WARN_OBJC_ROOT_CLASS = YES_ERROR;
				CLANG_WARN_QUOTED_INCLUDE_IN_FRAMEWORK_HEADER = YES;
				CLANG_WARN_RANGE_LOOP_ANALYSIS = YES;
				CLANG_WARN_STRICT_PROTOTYPES = YES;
				CLANG_WARN_SUSPICIOUS_MOVE = YES;
				CLANG_WARN_UNGUARDED_AVAILABILITY = YES_AGGRESSIVE;
				CLANG_WARN_UNREACHABLE_CODE = YES;
				CLANG_WARN__DUPLICATE_METHOD_MATCH = YES;
				COPY_PHASE_STRIP = NO;
				DEBUG_INFORMATION_FORMAT = "dwarf-with-dsym";
				ENABLE_NS_ASSERTIONS = NO;
				ENABLE_STRICT_OBJC_MSGSEND = YES;
				GCC_C_LANGUAGE_STANDARD = gnu11;
				GCC_NO_COMMON_BLOCKS = YES;
				GCC_WARN_64_TO_32_BIT_CONVERSION = YES;
				GCC_WARN_ABOUT_RETURN_TYPE = YES_ERROR;
				GCC_WARN_UNDECLARED_SELECTOR = YES;
				GCC_WARN_UNINITIALIZED_AUTOS = YES_AGGRESSIVE;
				GCC_WARN_UNUSED_FUNCTION = YES;
				GCC_WARN_UNUSED_VARIABLE = YES;
				IPHONEOS_DEPLOYMENT_TARGET = 16.0;
				MTL_ENABLE_DEBUG_INFO = NO;
				MTL_FAST_MATH = YES;
				SDKROOT = iphoneos;
				SWIFT_COMPILATION_MODE = wholemodule;
				SWIFT_OPTIMIZATION_LEVEL = "-O";
				VALIDATE_PRODUCT = YES;
			};
			name = Release;
		};
		FA2ECFE129E3C9470090C8AA /* Debug */ = {
			isa = XCBuildConfiguration;
			buildSettings = {
				ASSETCATALOG_COMPILER_APPICON_NAME = AppIcon;
				ASSETCATALOG_COMPILER_GLOBAL_ACCENT_COLOR_NAME = AccentColor;
				ASSETCATALOG_COMPILER_INCLUDE_ALL_APPICON_ASSETS = NO;
				CODE_SIGN_STYLE = Automatic;
				CURRENT_PROJECT_VERSION = 1;
				DEVELOPMENT_ASSET_PATHS = "\"RunMate/Preview Content\"";
				DEVELOPMENT_TEAM = 25ZYWD4LND;
				ENABLE_PREVIEWS = YES;
				GENERATE_INFOPLIST_FILE = YES;
				INFOPLIST_FILE = RunMate/Info.plist;
				INFOPLIST_KEY_NSLocationAlwaysAndWhenInUseUsageDescription = "The location permission is required for normal operation of this app.";
				INFOPLIST_KEY_NSLocationWhenInUseUsageDescription = "The location permission is required for normal operation of this app.";
				INFOPLIST_KEY_UIApplicationSceneManifest_Generation = YES;
				INFOPLIST_KEY_UIApplicationSupportsIndirectInputEvents = YES;
				INFOPLIST_KEY_UILaunchScreen_Generation = YES;
				INFOPLIST_KEY_UISupportedInterfaceOrientations_iPad = "UIInterfaceOrientationPortrait UIInterfaceOrientationPortraitUpsideDown UIInterfaceOrientationLandscapeLeft UIInterfaceOrientationLandscapeRight";
				INFOPLIST_KEY_UISupportedInterfaceOrientations_iPhone = "UIInterfaceOrientationPortrait UIInterfaceOrientationLandscapeLeft UIInterfaceOrientationLandscapeRight";
				LD_RUNPATH_SEARCH_PATHS = (
					"$(inherited)",
					"@executable_path/Frameworks",
				);
				MARKETING_VERSION = 1.0;
				PRODUCT_BUNDLE_IDENTIFIER = com.pukale.RunMate;
				PRODUCT_NAME = "$(TARGET_NAME)";
				SWIFT_EMIT_LOC_STRINGS = YES;
				SWIFT_VERSION = 5.0;
				TARGETED_DEVICE_FAMILY = "1,2";
			};
			name = Debug;
		};
		FA2ECFE229E3C9470090C8AA /* Release */ = {
			isa = XCBuildConfiguration;
			buildSettings = {
				ASSETCATALOG_COMPILER_APPICON_NAME = AppIcon;
				ASSETCATALOG_COMPILER_GLOBAL_ACCENT_COLOR_NAME = AccentColor;
				ASSETCATALOG_COMPILER_INCLUDE_ALL_APPICON_ASSETS = NO;
				CODE_SIGN_STYLE = Automatic;
				CURRENT_PROJECT_VERSION = 1;
				DEVELOPMENT_ASSET_PATHS = "\"RunMate/Preview Content\"";
				DEVELOPMENT_TEAM = 25ZYWD4LND;
				ENABLE_PREVIEWS = YES;
				GENERATE_INFOPLIST_FILE = YES;
				INFOPLIST_FILE = RunMate/Info.plist;
				INFOPLIST_KEY_NSLocationAlwaysAndWhenInUseUsageDescription = "The location permission is required for normal operation of this app.";
				INFOPLIST_KEY_NSLocationWhenInUseUsageDescription = "The location permission is required for normal operation of this app.";
				INFOPLIST_KEY_UIApplicationSceneManifest_Generation = YES;
				INFOPLIST_KEY_UIApplicationSupportsIndirectInputEvents = YES;
				INFOPLIST_KEY_UILaunchScreen_Generation = YES;
				INFOPLIST_KEY_UISupportedInterfaceOrientations_iPad = "UIInterfaceOrientationPortrait UIInterfaceOrientationPortraitUpsideDown UIInterfaceOrientationLandscapeLeft UIInterfaceOrientationLandscapeRight";
				INFOPLIST_KEY_UISupportedInterfaceOrientations_iPhone = "UIInterfaceOrientationPortrait UIInterfaceOrientationLandscapeLeft UIInterfaceOrientationLandscapeRight";
				LD_RUNPATH_SEARCH_PATHS = (
					"$(inherited)",
					"@executable_path/Frameworks",
				);
				MARKETING_VERSION = 1.0;
				PRODUCT_BUNDLE_IDENTIFIER = com.pukale.RunMate;
				PRODUCT_NAME = "$(TARGET_NAME)";
				SWIFT_EMIT_LOC_STRINGS = YES;
				SWIFT_VERSION = 5.0;
				TARGETED_DEVICE_FAMILY = "1,2";
			};
			name = Release;
		};
		FA2ECFE429E3C9470090C8AA /* Debug */ = {
			isa = XCBuildConfiguration;
			buildSettings = {
				ALWAYS_EMBED_SWIFT_STANDARD_LIBRARIES = YES;
				BUNDLE_LOADER = "$(TEST_HOST)";
				CODE_SIGN_STYLE = Automatic;
				CURRENT_PROJECT_VERSION = 1;
				DEVELOPMENT_TEAM = 25ZYWD4LND;
				GENERATE_INFOPLIST_FILE = YES;
				IPHONEOS_DEPLOYMENT_TARGET = 16.0;
				MARKETING_VERSION = 1.0;
				PRODUCT_BUNDLE_IDENTIFIER = com.pukale.RunMateTests;
				PRODUCT_NAME = "$(TARGET_NAME)";
				SWIFT_EMIT_LOC_STRINGS = NO;
				SWIFT_VERSION = 5.0;
				TARGETED_DEVICE_FAMILY = "1,2";
				TEST_HOST = "$(BUILT_PRODUCTS_DIR)/RunMate.app/$(BUNDLE_EXECUTABLE_FOLDER_PATH)/RunMate";
			};
			name = Debug;
		};
		FA2ECFE529E3C9470090C8AA /* Release */ = {
			isa = XCBuildConfiguration;
			buildSettings = {
				ALWAYS_EMBED_SWIFT_STANDARD_LIBRARIES = YES;
				BUNDLE_LOADER = "$(TEST_HOST)";
				CODE_SIGN_STYLE = Automatic;
				CURRENT_PROJECT_VERSION = 1;
				DEVELOPMENT_TEAM = 25ZYWD4LND;
				GENERATE_INFOPLIST_FILE = YES;
				IPHONEOS_DEPLOYMENT_TARGET = 16.0;
				MARKETING_VERSION = 1.0;
				PRODUCT_BUNDLE_IDENTIFIER = com.pukale.RunMateTests;
				PRODUCT_NAME = "$(TARGET_NAME)";
				SWIFT_EMIT_LOC_STRINGS = NO;
				SWIFT_VERSION = 5.0;
				TARGETED_DEVICE_FAMILY = "1,2";
				TEST_HOST = "$(BUILT_PRODUCTS_DIR)/RunMate.app/$(BUNDLE_EXECUTABLE_FOLDER_PATH)/RunMate";
			};
			name = Release;
		};
		FA2ECFE729E3C9470090C8AA /* Debug */ = {
			isa = XCBuildConfiguration;
			buildSettings = {
				ALWAYS_EMBED_SWIFT_STANDARD_LIBRARIES = YES;
				CODE_SIGN_STYLE = Automatic;
				CURRENT_PROJECT_VERSION = 1;
				DEVELOPMENT_TEAM = 25ZYWD4LND;
				GENERATE_INFOPLIST_FILE = YES;
				MARKETING_VERSION = 1.0;
				PRODUCT_BUNDLE_IDENTIFIER = com.pukale.RunMateUITests;
				PRODUCT_NAME = "$(TARGET_NAME)";
				SWIFT_EMIT_LOC_STRINGS = NO;
				SWIFT_VERSION = 5.0;
				TARGETED_DEVICE_FAMILY = "1,2";
				TEST_TARGET_NAME = RunMate;
			};
			name = Debug;
		};
		FA2ECFE829E3C9470090C8AA /* Release */ = {
			isa = XCBuildConfiguration;
			buildSettings = {
				ALWAYS_EMBED_SWIFT_STANDARD_LIBRARIES = YES;
				CODE_SIGN_STYLE = Automatic;
				CURRENT_PROJECT_VERSION = 1;
				DEVELOPMENT_TEAM = 25ZYWD4LND;
				GENERATE_INFOPLIST_FILE = YES;
				MARKETING_VERSION = 1.0;
				PRODUCT_BUNDLE_IDENTIFIER = com.pukale.RunMateUITests;
				PRODUCT_NAME = "$(TARGET_NAME)";
				SWIFT_EMIT_LOC_STRINGS = NO;
				SWIFT_VERSION = 5.0;
				TARGETED_DEVICE_FAMILY = "1,2";
				TEST_TARGET_NAME = RunMate;
			};
			name = Release;
		};
/* End XCBuildConfiguration section */

/* Begin XCConfigurationList section */
		FA2ECFB129E3C9430090C8AA /* Build configuration list for PBXProject "RunMate" */ = {
			isa = XCConfigurationList;
			buildConfigurations = (
				FA2ECFDE29E3C9470090C8AA /* Debug */,
				FA2ECFDF29E3C9470090C8AA /* Release */,
			);
			defaultConfigurationIsVisible = 0;
			defaultConfigurationName = Release;
		};
		FA2ECFE029E3C9470090C8AA /* Build configuration list for PBXNativeTarget "RunMate" */ = {
			isa = XCConfigurationList;
			buildConfigurations = (
				FA2ECFE129E3C9470090C8AA /* Debug */,
				FA2ECFE229E3C9470090C8AA /* Release */,
			);
			defaultConfigurationIsVisible = 0;
			defaultConfigurationName = Release;
		};
		FA2ECFE329E3C9470090C8AA /* Build configuration list for PBXNativeTarget "RunMateTests" */ = {
			isa = XCConfigurationList;
			buildConfigurations = (
				FA2ECFE429E3C9470090C8AA /* Debug */,
				FA2ECFE529E3C9470090C8AA /* Release */,
			);
			defaultConfigurationIsVisible = 0;
			defaultConfigurationName = Release;
		};
		FA2ECFE629E3C9470090C8AA /* Build configuration list for PBXNativeTarget "RunMateUITests" */ = {
			isa = XCConfigurationList;
			buildConfigurations = (
				FA2ECFE729E3C9470090C8AA /* Debug */,
				FA2ECFE829E3C9470090C8AA /* Release */,
			);
			defaultConfigurationIsVisible = 0;
			defaultConfigurationName = Release;
		};
/* End XCConfigurationList section */

/* Begin XCRemoteSwiftPackageReference section */
		FA976FED29F0EE1B008008A8 /* XCRemoteSwiftPackageReference "shiny" */ = {
			isa = XCRemoteSwiftPackageReference;
			repositoryURL = "https://github.com/maustinstar/shiny.git";
			requirement = {
				kind = exactVersion;
				version = 0.0.1;
			};
		};
		FA976FF929F0FE5A008008A8 /* XCRemoteSwiftPackageReference "PermissionsSwiftUI" */ = {
			isa = XCRemoteSwiftPackageReference;
			repositoryURL = "https://github.com/jevonmao/PermissionsSwiftUI.git";
			requirement = {
				kind = exactVersion;
				version = 1.5.6;
			};
		};
/* End XCRemoteSwiftPackageReference section */

/* Begin XCSwiftPackageProductDependency section */
		FA1E2EFF29ED5D2F00EB36E0 /* RunKeeper */ = {
			isa = XCSwiftPackageProductDependency;
			productName = RunKeeper;
		};
		FA1E2F0229ED5D7200EB36E0 /* Aryabhatta */ = {
			isa = XCSwiftPackageProductDependency;
			productName = Aryabhatta;
		};
		FA2ECFED29E3CCBF0090C8AA /* SweatUI */ = {
			isa = XCSwiftPackageProductDependency;
			productName = SweatUI;
		};
		FA976FEE29F0EE1B008008A8 /* Shiny */ = {
			isa = XCSwiftPackageProductDependency;
			package = FA976FED29F0EE1B008008A8 /* XCRemoteSwiftPackageReference "shiny" */;
			productName = Shiny;
		};
		FA976FF229F0F576008008A8 /* RunController */ = {
			isa = XCSwiftPackageProductDependency;
			productName = RunController;
		};
		FA976FFA29F0FE5A008008A8 /* PermissionsSwiftUILocation */ = {
			isa = XCSwiftPackageProductDependency;
			package = FA976FF929F0FE5A008008A8 /* XCRemoteSwiftPackageReference "PermissionsSwiftUI" */;
			productName = PermissionsSwiftUILocation;
		};
		FA976FFC29F0FE5A008008A8 /* PermissionsSwiftUILocationAlways */ = {
			isa = XCSwiftPackageProductDependency;
			package = FA976FF929F0FE5A008008A8 /* XCRemoteSwiftPackageReference "PermissionsSwiftUI" */;
			productName = PermissionsSwiftUILocationAlways;
		};
/* End XCSwiftPackageProductDependency section */
	};
	rootObject = FA2ECFAE29E3C9430090C8AA /* Project object */;
}
